
Microsoft Visual Studio Solution File, Format Version 12.00
# Visual Studio Version 17
VisualStudioVersion = 17.5.33530.505
MinimumVisualStudioVersion = 10.0.40219.1
Project("{9A19103F-16F7-4668-BE54-9A1E7A4F7556}") = "MagicVilla_VillaAPI", "MagicVilla_VillaAPI\MagicVilla_VillaAPI.csproj", "{EEFD5C66-4294-49C5-BA7A-D87C6269D115}"
EndProject
Project("{FAE04EC0-301F-11D3-BF4B-00C04F79EFBC}") = "MagicVilla_Web", "MagicVilla_Web\MagicVilla_Web.csproj", "{9F11D0A0-7F64-4AA8-8843-147602362723}"
EndProject
Project("{FAE04EC0-301F-11D3-BF4B-00C04F79EFBC}") = "MagicVilla_Utility", "MagicVilla_Utility\MagicVilla_Utility.csproj", "{1E40E2B4-EA5E-4D5E-B5D9-C56A4C7DB97F}"
EndProject
Global
	GlobalSection(SolutionConfigurationPlatforms) = preSolution
		Debug|Any CPU = Debug|Any CPU
		Release|Any CPU = Release|Any CPU
	EndGlobalSection
	GlobalSection(ProjectConfigurationPlatforms) = postSolution
		{EEFD5C66-4294-49C5-BA7A-D87C6269D115}.Debug|Any CPU.ActiveCfg = Debug|Any CPU
		{EEFD5C66-4294-49C5-BA7A-D87C6269D115}.Debug|Any CPU.Build.0 = Debug|Any CPU
		{EEFD5C66-4294-49C5-BA7A-D87C6269D115}.Release|Any CPU.ActiveCfg = Release|Any CPU
		{EEFD5C66-4294-49C5-BA7A-D87C6269D115}.Release|Any CPU.Build.0 = Release|Any CPU
		{9F11D0A0-7F64-4AA8-8843-147602362723}.Debug|Any CPU.ActiveCfg = Debug|Any CPU
		{9F11D0A0-7F64-4AA8-8843-147602362723}.Debug|Any CPU.Build.0 = Debug|Any CPU
		{9F11D0A0-7F64-4AA8-8843-147602362723}.Release|Any CPU.ActiveCfg = Release|Any CPU
		{9F11D0A0-7F64-4AA8-8843-147602362723}.Release|Any CPU.Build.0 = Release|Any CPU
		{1E40E2B4-EA5E-4D5E-B5D9-C56A4C7DB97F}.Debug|Any CPU.ActiveCfg = Debug|Any CPU
		{1E40E2B4-EA5E-4D5E-B5D9-C56A4C7DB97F}.Debug|Any CPU.Build.0 = Debug|Any CPU
		{1E40E2B4-EA5E-4D5E-B5D9-C56A4C7DB97F}.Release|Any CPU.ActiveCfg = Release|Any CPU
		{1E40E2B4-EA5E-4D5E-B5D9-C56A4C7DB97F}.Release|Any CPU.Build.0 = Release|Any CPU
	EndGlobalSection
	GlobalSection(SolutionProperties) = preSolution
		HideSolutionNode = FALSE
	EndGlobalSection
	GlobalSection(ExtensibilityGlobals) = postSolution
		SolutionGuid = {EF58063A-7FDD-4331-9987-2959531CF635}
	EndGlobalSection
EndGlobal
